// !$*UTF8*$!
{
	archiveVersion = 1;
	classes = {
	};
	objectVersion = 55;
	objects = {

/* Begin PBXBuildFile section */
		8414D0632794BB7900DD8241 /* CodeViewController.swift in Sources */ = {isa = PBXBuildFile; fileRef = 8414D0622794BB7900DD8241 /* CodeViewController.swift */; };
		848B2C87273999FA00627BB6 /* AppDelegate.swift in Sources */ = {isa = PBXBuildFile; fileRef = 848B2C86273999FA00627BB6 /* AppDelegate.swift */; };
		848B2C89273999FA00627BB6 /* SceneDelegate.swift in Sources */ = {isa = PBXBuildFile; fileRef = 848B2C88273999FA00627BB6 /* SceneDelegate.swift */; };
		848B2C8B273999FA00627BB6 /* ViewController.swift in Sources */ = {isa = PBXBuildFile; fileRef = 848B2C8A273999FA00627BB6 /* ViewController.swift */; };
		848B2C8E273999FA00627BB6 /* Main.storyboard in Resources */ = {isa = PBXBuildFile; fileRef = 848B2C8C273999FA00627BB6 /* Main.storyboard */; };
		848B2C90273999FE00627BB6 /* Assets.xcassets in Resources */ = {isa = PBXBuildFile; fileRef = 848B2C8F273999FE00627BB6 /* Assets.xcassets */; };
		848B2C93273999FE00627BB6 /* LaunchScreen.storyboard in Resources */ = {isa = PBXBuildFile; fileRef = 848B2C91273999FE00627BB6 /* LaunchScreen.storyboard */; };
		848B2C9E273999FE00627BB6 /* CoreAnimationsTests.swift in Sources */ = {isa = PBXBuildFile; fileRef = 848B2C9D273999FE00627BB6 /* CoreAnimationsTests.swift */; };
		848B2CA8273999FE00627BB6 /* CoreAnimationsUITests.swift in Sources */ = {isa = PBXBuildFile; fileRef = 848B2CA7273999FE00627BB6 /* CoreAnimationsUITests.swift */; };
		848B2CAA273999FE00627BB6 /* CoreAnimationsUITestsLaunchTests.swift in Sources */ = {isa = PBXBuildFile; fileRef = 848B2CA9273999FE00627BB6 /* CoreAnimationsUITestsLaunchTests.swift */; };
		848B2CB72739A3F800627BB6 /* Animations.swift in Sources */ = {isa = PBXBuildFile; fileRef = 848B2CB62739A3F800627BB6 /* Animations.swift */; };
		848B2CBA2748F64700627BB6 /* CATextLayerForegroundColorViewController.swift in Sources */ = {isa = PBXBuildFile; fileRef = 848B2CB92748F64700627BB6 /* CATextLayerForegroundColorViewController.swift */; };
		848B2CBD2749979700627BB6 /* PickerViewController.swift in Sources */ = {isa = PBXBuildFile; fileRef = 848B2CBC2749979700627BB6 /* PickerViewController.swift */; };
		84FFFFEB275D7FC000C63D0D /* UIColor+Extension.swift in Sources */ = {isa = PBXBuildFile; fileRef = 84FFFFEA275D7FC000C63D0D /* UIColor+Extension.swift */; };
		84FFFFED275D7FD900C63D0D /* CGFloat+Extension.swift in Sources */ = {isa = PBXBuildFile; fileRef = 84FFFFEC275D7FD900C63D0D /* CGFloat+Extension.swift */; };
/* End PBXBuildFile section */

/* Begin PBXContainerItemProxy section */
		848B2C9A273999FE00627BB6 /* PBXContainerItemProxy */ = {
			isa = PBXContainerItemProxy;
			containerPortal = 848B2C7B273999FA00627BB6 /* Project object */;
			proxyType = 1;
			remoteGlobalIDString = 848B2C82273999FA00627BB6;
			remoteInfo = CoreAnimations;
		};
		848B2CA4273999FE00627BB6 /* PBXContainerItemProxy */ = {
			isa = PBXContainerItemProxy;
			containerPortal = 848B2C7B273999FA00627BB6 /* Project object */;
			proxyType = 1;
			remoteGlobalIDString = 848B2C82273999FA00627BB6;
			remoteInfo = CoreAnimations;
		};
/* End PBXContainerItemProxy section */

/* Begin PBXFileReference section */
		8414D0622794BB7900DD8241 /* CodeViewController.swift */ = {isa = PBXFileReference; lastKnownFileType = sourcecode.swift; path = CodeViewController.swift; sourceTree = "<group>"; };
		848A49452778CE9400E141C4 /* Didot.ttf */ = {isa = PBXFileReference; lastKnownFileType = file; path = Didot.ttf; sourceTree = "<group>"; };
		848B2C83273999FA00627BB6 /* Core Animations Lab.app */ = {isa = PBXFileReference; explicitFileType = wrapper.application; includeInIndex = 0; path = "Core Animations Lab.app"; sourceTree = BUILT_PRODUCTS_DIR; };
		848B2C86273999FA00627BB6 /* AppDelegate.swift */ = {isa = PBXFileReference; lastKnownFileType = sourcecode.swift; path = AppDelegate.swift; sourceTree = "<group>"; };
		848B2C88273999FA00627BB6 /* SceneDelegate.swift */ = {isa = PBXFileReference; lastKnownFileType = sourcecode.swift; path = SceneDelegate.swift; sourceTree = "<group>"; };
		848B2C8A273999FA00627BB6 /* ViewController.swift */ = {isa = PBXFileReference; lastKnownFileType = sourcecode.swift; path = ViewController.swift; sourceTree = "<group>"; };
		848B2C8D273999FA00627BB6 /* Base */ = {isa = PBXFileReference; lastKnownFileType = file.storyboard; name = Base; path = Base.lproj/Main.storyboard; sourceTree = "<group>"; };
		848B2C8F273999FE00627BB6 /* Assets.xcassets */ = {isa = PBXFileReference; lastKnownFileType = folder.assetcatalog; path = Assets.xcassets; sourceTree = "<group>"; };
		848B2C92273999FE00627BB6 /* Base */ = {isa = PBXFileReference; lastKnownFileType = file.storyboard; name = Base; path = Base.lproj/LaunchScreen.storyboard; sourceTree = "<group>"; };
		848B2C94273999FE00627BB6 /* Info.plist */ = {isa = PBXFileReference; lastKnownFileType = text.plist.xml; path = Info.plist; sourceTree = "<group>"; };
		848B2C99273999FE00627BB6 /* Core Animations LabTests.xctest */ = {isa = PBXFileReference; explicitFileType = wrapper.cfbundle; includeInIndex = 0; path = "Core Animations LabTests.xctest"; sourceTree = BUILT_PRODUCTS_DIR; };
		848B2C9D273999FE00627BB6 /* CoreAnimationsTests.swift */ = {isa = PBXFileReference; lastKnownFileType = sourcecode.swift; path = CoreAnimationsTests.swift; sourceTree = "<group>"; };
		848B2CA3273999FE00627BB6 /* Core Animations LabUITests.xctest */ = {isa = PBXFileReference; explicitFileType = wrapper.cfbundle; includeInIndex = 0; path = "Core Animations LabUITests.xctest"; sourceTree = BUILT_PRODUCTS_DIR; };
		848B2CA7273999FE00627BB6 /* CoreAnimationsUITests.swift */ = {isa = PBXFileReference; lastKnownFileType = sourcecode.swift; path = CoreAnimationsUITests.swift; sourceTree = "<group>"; };
		848B2CA9273999FE00627BB6 /* CoreAnimationsUITestsLaunchTests.swift */ = {isa = PBXFileReference; lastKnownFileType = sourcecode.swift; path = CoreAnimationsUITestsLaunchTests.swift; sourceTree = "<group>"; };
		848B2CB62739A3F800627BB6 /* Animations.swift */ = {isa = PBXFileReference; lastKnownFileType = sourcecode.swift; path = Animations.swift; sourceTree = "<group>"; };
		848B2CB82748D98C00627BB6 /* CoreAnimations.entitlements */ = {isa = PBXFileReference; lastKnownFileType = text.plist.entitlements; path = CoreAnimations.entitlements; sourceTree = "<group>"; };
		848B2CB92748F64700627BB6 /* CATextLayerForegroundColorViewController.swift */ = {isa = PBXFileReference; lastKnownFileType = sourcecode.swift; path = CATextLayerForegroundColorViewController.swift; sourceTree = "<group>"; };
		848B2CBC2749979700627BB6 /* PickerViewController.swift */ = {isa = PBXFileReference; lastKnownFileType = sourcecode.swift; path = PickerViewController.swift; sourceTree = "<group>"; };
		84FFFFEA275D7FC000C63D0D /* UIColor+Extension.swift */ = {isa = PBXFileReference; lastKnownFileType = sourcecode.swift; path = "UIColor+Extension.swift"; sourceTree = "<group>"; };
		84FFFFEC275D7FD900C63D0D /* CGFloat+Extension.swift */ = {isa = PBXFileReference; lastKnownFileType = sourcecode.swift; path = "CGFloat+Extension.swift"; sourceTree = "<group>"; };
/* End PBXFileReference section */

/* Begin PBXFrameworksBuildPhase section */
		848B2C80273999FA00627BB6 /* Frameworks */ = {
			isa = PBXFrameworksBuildPhase;
			buildActionMask = 2147483647;
			files = (
			);
			runOnlyForDeploymentPostprocessing = 0;
		};
		848B2C96273999FE00627BB6 /* Frameworks */ = {
			isa = PBXFrameworksBuildPhase;
			buildActionMask = 2147483647;
			files = (
			);
			runOnlyForDeploymentPostprocessing = 0;
		};
		848B2CA0273999FE00627BB6 /* Frameworks */ = {
			isa = PBXFrameworksBuildPhase;
			buildActionMask = 2147483647;
			files = (
			);
			runOnlyForDeploymentPostprocessing = 0;
		};
/* End PBXFrameworksBuildPhase section */

/* Begin PBXGroup section */
		848A49442778CDC200E141C4 /* Fonts */ = {
			isa = PBXGroup;
			children = (
				848A49452778CE9400E141C4 /* Didot.ttf */,
			);
			path = Fonts;
			sourceTree = "<group>";
		};
		848B2C7A273999FA00627BB6 = {
			isa = PBXGroup;
			children = (
				848B2C85273999FA00627BB6 /* CoreAnimations */,
				848B2C9C273999FE00627BB6 /* CoreAnimationsTests */,
				848B2CA6273999FE00627BB6 /* CoreAnimationsUITests */,
				848B2C84273999FA00627BB6 /* Products */,
			);
			sourceTree = "<group>";
		};
		848B2C84273999FA00627BB6 /* Products */ = {
			isa = PBXGroup;
			children = (
				848B2C83273999FA00627BB6 /* Core Animations Lab.app */,
				848B2C99273999FE00627BB6 /* Core Animations LabTests.xctest */,
				848B2CA3273999FE00627BB6 /* Core Animations LabUITests.xctest */,
			);
			name = Products;
			sourceTree = "<group>";
		};
		848B2C85273999FA00627BB6 /* CoreAnimations */ = {
			isa = PBXGroup;
			children = (
				848A49442778CDC200E141C4 /* Fonts */,
				848B2CBB2749008900627BB6 /* Animation Controllers */,
				848B2CB82748D98C00627BB6 /* CoreAnimations.entitlements */,
				848B2C86273999FA00627BB6 /* AppDelegate.swift */,
				848B2C88273999FA00627BB6 /* SceneDelegate.swift */,
				848B2C8A273999FA00627BB6 /* ViewController.swift */,
				848B2C8C273999FA00627BB6 /* Main.storyboard */,
				848B2C8F273999FE00627BB6 /* Assets.xcassets */,
				848B2C91273999FE00627BB6 /* LaunchScreen.storyboard */,
				848B2C94273999FE00627BB6 /* Info.plist */,
				848B2CB62739A3F800627BB6 /* Animations.swift */,
				848B2CBC2749979700627BB6 /* PickerViewController.swift */,
				84FFFFEA275D7FC000C63D0D /* UIColor+Extension.swift */,
				84FFFFEC275D7FD900C63D0D /* CGFloat+Extension.swift */,
				8414D0622794BB7900DD8241 /* CodeViewController.swift */,
			);
			path = CoreAnimations;
			sourceTree = "<group>";
		};
		848B2C9C273999FE00627BB6 /* CoreAnimationsTests */ = {
			isa = PBXGroup;
			children = (
				848B2C9D273999FE00627BB6 /* CoreAnimationsTests.swift */,
			);
			path = CoreAnimationsTests;
			sourceTree = "<group>";
		};
		848B2CA6273999FE00627BB6 /* CoreAnimationsUITests */ = {
			isa = PBXGroup;
			children = (
				848B2CA7273999FE00627BB6 /* CoreAnimationsUITests.swift */,
				848B2CA9273999FE00627BB6 /* CoreAnimationsUITestsLaunchTests.swift */,
			);
			path = CoreAnimationsUITests;
			sourceTree = "<group>";
		};
		848B2CBB2749008900627BB6 /* Animation Controllers */ = {
			isa = PBXGroup;
			children = (
				848B2CB92748F64700627BB6 /* CATextLayerForegroundColorViewController.swift */,
			);
			path = "Animation Controllers";
			sourceTree = "<group>";
		};
/* End PBXGroup section */

/* Begin PBXNativeTarget section */
		848B2C82273999FA00627BB6 /* Core Animations Lab */ = {
			isa = PBXNativeTarget;
			buildConfigurationList = 848B2CAD273999FE00627BB6 /* Build configuration list for PBXNativeTarget "Core Animations Lab" */;
			buildPhases = (
				848B2C7F273999FA00627BB6 /* Sources */,
				848B2C80273999FA00627BB6 /* Frameworks */,
				848B2C81273999FA00627BB6 /* Resources */,
			);
			buildRules = (
			);
			dependencies = (
			);
			name = "Core Animations Lab";
			productName = CoreAnimations;
			productReference = 848B2C83273999FA00627BB6 /* Core Animations Lab.app */;
			productType = "com.apple.product-type.application";
		};
		848B2C98273999FE00627BB6 /* Core Animations LabTests */ = {
			isa = PBXNativeTarget;
			buildConfigurationList = 848B2CB0273999FE00627BB6 /* Build configuration list for PBXNativeTarget "Core Animations LabTests" */;
			buildPhases = (
				848B2C95273999FE00627BB6 /* Sources */,
				848B2C96273999FE00627BB6 /* Frameworks */,
				848B2C97273999FE00627BB6 /* Resources */,
			);
			buildRules = (
			);
			dependencies = (
				848B2C9B273999FE00627BB6 /* PBXTargetDependency */,
			);
			name = "Core Animations LabTests";
			productName = CoreAnimationsTests;
			productReference = 848B2C99273999FE00627BB6 /* Core Animations LabTests.xctest */;
			productType = "com.apple.product-type.bundle.unit-test";
		};
		848B2CA2273999FE00627BB6 /* Core Animations LabUITests */ = {
			isa = PBXNativeTarget;
			buildConfigurationList = 848B2CB3273999FE00627BB6 /* Build configuration list for PBXNativeTarget "Core Animations LabUITests" */;
			buildPhases = (
				848B2C9F273999FE00627BB6 /* Sources */,
				848B2CA0273999FE00627BB6 /* Frameworks */,
				848B2CA1273999FE00627BB6 /* Resources */,
			);
			buildRules = (
			);
			dependencies = (
				848B2CA5273999FE00627BB6 /* PBXTargetDependency */,
			);
			name = "Core Animations LabUITests";
			productName = CoreAnimationsUITests;
			productReference = 848B2CA3273999FE00627BB6 /* Core Animations LabUITests.xctest */;
			productType = "com.apple.product-type.bundle.ui-testing";
		};
/* End PBXNativeTarget section */

/* Begin PBXProject section */
		848B2C7B273999FA00627BB6 /* Project object */ = {
			isa = PBXProject;
			attributes = {
				BuildIndependentTargetsInParallel = 1;
				LastSwiftUpdateCheck = 1300;
				LastUpgradeCheck = 1300;
				TargetAttributes = {
					848B2C82273999FA00627BB6 = {
						CreatedOnToolsVersion = 13.0;
					};
					848B2C98273999FE00627BB6 = {
						CreatedOnToolsVersion = 13.0;
						TestTargetID = 848B2C82273999FA00627BB6;
					};
					848B2CA2273999FE00627BB6 = {
						CreatedOnToolsVersion = 13.0;
						TestTargetID = 848B2C82273999FA00627BB6;
					};
				};
			};
			buildConfigurationList = 848B2C7E273999FA00627BB6 /* Build configuration list for PBXProject "Core Animations Lab" */;
			compatibilityVersion = "Xcode 13.0";
			developmentRegion = en;
			hasScannedForEncodings = 0;
			knownRegions = (
				en,
				Base,
			);
			mainGroup = 848B2C7A273999FA00627BB6;
			productRefGroup = 848B2C84273999FA00627BB6 /* Products */;
			projectDirPath = "";
			projectRoot = "";
			targets = (
				848B2C82273999FA00627BB6 /* Core Animations Lab */,
				848B2C98273999FE00627BB6 /* Core Animations LabTests */,
				848B2CA2273999FE00627BB6 /* Core Animations LabUITests */,
			);
		};
/* End PBXProject section */

/* Begin PBXResourcesBuildPhase section */
		848B2C81273999FA00627BB6 /* Resources */ = {
			isa = PBXResourcesBuildPhase;
			buildActionMask = 2147483647;
			files = (
				848B2C93273999FE00627BB6 /* LaunchScreen.storyboard in Resources */,
				848B2C90273999FE00627BB6 /* Assets.xcassets in Resources */,
				848B2C8E273999FA00627BB6 /* Main.storyboard in Resources */,
			);
			runOnlyForDeploymentPostprocessing = 0;
		};
		848B2C97273999FE00627BB6 /* Resources */ = {
			isa = PBXResourcesBuildPhase;
			buildActionMask = 2147483647;
			files = (
			);
			runOnlyForDeploymentPostprocessing = 0;
		};
		848B2CA1273999FE00627BB6 /* Resources */ = {
			isa = PBXResourcesBuildPhase;
			buildActionMask = 2147483647;
			files = (
			);
			runOnlyForDeploymentPostprocessing = 0;
		};
/* End PBXResourcesBuildPhase section */

/* Begin PBXSourcesBuildPhase section */
		848B2C7F273999FA00627BB6 /* Sources */ = {
			isa = PBXSourcesBuildPhase;
			buildActionMask = 2147483647;
			files = (
				84FFFFEB275D7FC000C63D0D /* UIColor+Extension.swift in Sources */,
				848B2CBD2749979700627BB6 /* PickerViewController.swift in Sources */,
				84FFFFED275D7FD900C63D0D /* CGFloat+Extension.swift in Sources */,
				848B2C8B273999FA00627BB6 /* ViewController.swift in Sources */,
				848B2CBA2748F64700627BB6 /* CATextLayerForegroundColorViewController.swift in Sources */,
				848B2C87273999FA00627BB6 /* AppDelegate.swift in Sources */,
				8414D0632794BB7900DD8241 /* CodeViewController.swift in Sources */,
				848B2CB72739A3F800627BB6 /* Animations.swift in Sources */,
				848B2C89273999FA00627BB6 /* SceneDelegate.swift in Sources */,
			);
			runOnlyForDeploymentPostprocessing = 0;
		};
		848B2C95273999FE00627BB6 /* Sources */ = {
			isa = PBXSourcesBuildPhase;
			buildActionMask = 2147483647;
			files = (
				848B2C9E273999FE00627BB6 /* CoreAnimationsTests.swift in Sources */,
			);
			runOnlyForDeploymentPostprocessing = 0;
		};
		848B2C9F273999FE00627BB6 /* Sources */ = {
			isa = PBXSourcesBuildPhase;
			buildActionMask = 2147483647;
			files = (
				848B2CAA273999FE00627BB6 /* CoreAnimationsUITestsLaunchTests.swift in Sources */,
				848B2CA8273999FE00627BB6 /* CoreAnimationsUITests.swift in Sources */,
			);
			runOnlyForDeploymentPostprocessing = 0;
		};
/* End PBXSourcesBuildPhase section */

/* Begin PBXTargetDependency section */
		848B2C9B273999FE00627BB6 /* PBXTargetDependency */ = {
			isa = PBXTargetDependency;
			target = 848B2C82273999FA00627BB6 /* Core Animations Lab */;
			targetProxy = 848B2C9A273999FE00627BB6 /* PBXContainerItemProxy */;
		};
		848B2CA5273999FE00627BB6 /* PBXTargetDependency */ = {
			isa = PBXTargetDependency;
			target = 848B2C82273999FA00627BB6 /* Core Animations Lab */;
			targetProxy = 848B2CA4273999FE00627BB6 /* PBXContainerItemProxy */;
		};
/* End PBXTargetDependency section */

/* Begin PBXVariantGroup section */
		848B2C8C273999FA00627BB6 /* Main.storyboard */ = {
			isa = PBXVariantGroup;
			children = (
				848B2C8D273999FA00627BB6 /* Base */,
			);
			name = Main.storyboard;
			sourceTree = "<group>";
		};
		848B2C91273999FE00627BB6 /* LaunchScreen.storyboard */ = {
			isa = PBXVariantGroup;
			children = (
				848B2C92273999FE00627BB6 /* Base */,
			);
			name = LaunchScreen.storyboard;
			sourceTree = "<group>";
		};
/* End PBXVariantGroup section */

/* Begin XCBuildConfiguration section */
		848B2CAB273999FE00627BB6 /* Debug */ = {
			isa = XCBuildConfiguration;
			buildSettings = {
				ALWAYS_SEARCH_USER_PATHS = NO;
				CLANG_ANALYZER_NONNULL = YES;
				CLANG_ANALYZER_NUMBER_OBJECT_CONVERSION = YES_AGGRESSIVE;
				CLANG_CXX_LANGUAGE_STANDARD = "gnu++17";
				CLANG_CXX_LIBRARY = "libc++";
				CLANG_ENABLE_MODULES = YES;
				CLANG_ENABLE_OBJC_ARC = YES;
				CLANG_ENABLE_OBJC_WEAK = YES;
				CLANG_WARN_BLOCK_CAPTURE_AUTORELEASING = YES;
				CLANG_WARN_BOOL_CONVERSION = YES;
				CLANG_WARN_COMMA = YES;
				CLANG_WARN_CONSTANT_CONVERSION = YES;
				CLANG_WARN_DEPRECATED_OBJC_IMPLEMENTATIONS = YES;
				CLANG_WARN_DIRECT_OBJC_ISA_USAGE = YES_ERROR;
				CLANG_WARN_DOCUMENTATION_COMMENTS = YES;
				CLANG_WARN_EMPTY_BODY = YES;
				CLANG_WARN_ENUM_CONVERSION = YES;
				CLANG_WARN_INFINITE_RECURSION = YES;
				CLANG_WARN_INT_CONVERSION = YES;
				CLANG_WARN_NON_LITERAL_NULL_CONVERSION = YES;
				CLANG_WARN_OBJC_IMPLICIT_RETAIN_SELF = YES;
				CLANG_WARN_OBJC_LITERAL_CONVERSION = YES;
				CLANG_WARN_OBJC_ROOT_CLASS = YES_ERROR;
				CLANG_WARN_QUOTED_INCLUDE_IN_FRAMEWORK_HEADER = YES;
				CLANG_WARN_RANGE_LOOP_ANALYSIS = YES;
				CLANG_WARN_STRICT_PROTOTYPES = YES;
				CLANG_WARN_SUSPICIOUS_MOVE = YES;
				CLANG_WARN_UNGUARDED_AVAILABILITY = YES_AGGRESSIVE;
				CLANG_WARN_UNREACHABLE_CODE = YES;
				CLANG_WARN__DUPLICATE_METHOD_MATCH = YES;
				COPY_PHASE_STRIP = NO;
				DEBUG_INFORMATION_FORMAT = dwarf;
				ENABLE_STRICT_OBJC_MSGSEND = YES;
				ENABLE_TESTABILITY = YES;
				GCC_C_LANGUAGE_STANDARD = gnu11;
				GCC_DYNAMIC_NO_PIC = NO;
				GCC_NO_COMMON_BLOCKS = YES;
				GCC_OPTIMIZATION_LEVEL = 0;
				GCC_PREPROCESSOR_DEFINITIONS = (
					"DEBUG=1",
					"$(inherited)",
				);
				GCC_WARN_64_TO_32_BIT_CONVERSION = YES;
				GCC_WARN_ABOUT_RETURN_TYPE = YES_ERROR;
				GCC_WARN_UNDECLARED_SELECTOR = YES;
				GCC_WARN_UNINITIALIZED_AUTOS = YES_AGGRESSIVE;
				GCC_WARN_UNUSED_FUNCTION = YES;
				GCC_WARN_UNUSED_VARIABLE = YES;
				IPHONEOS_DEPLOYMENT_TARGET = 15.0;
				MTL_ENABLE_DEBUG_INFO = INCLUDE_SOURCE;
				MTL_FAST_MATH = YES;
				ONLY_ACTIVE_ARCH = YES;
				SDKROOT = iphoneos;
				SWIFT_ACTIVE_COMPILATION_CONDITIONS = DEBUG;
				SWIFT_OPTIMIZATION_LEVEL = "-Onone";
			};
			name = Debug;
		};
		848B2CAC273999FE00627BB6 /* Release */ = {
			isa = XCBuildConfiguration;
			buildSettings = {
				ALWAYS_SEARCH_USER_PATHS = NO;
				CLANG_ANALYZER_NONNULL = YES;
				CLANG_ANALYZER_NUMBER_OBJECT_CONVERSION = YES_AGGRESSIVE;
				CLANG_CXX_LANGUAGE_STANDARD = "gnu++17";
				CLANG_CXX_LIBRARY = "libc++";
				CLANG_ENABLE_MODULES = YES;
				CLANG_ENABLE_OBJC_ARC = YES;
				CLANG_ENABLE_OBJC_WEAK = YES;
				CLANG_WARN_BLOCK_CAPTURE_AUTORELEASING = YES;
				CLANG_WARN_BOOL_CONVERSION = YES;
				CLANG_WARN_COMMA = YES;
				CLANG_WARN_CONSTANT_CONVERSION = YES;
				CLANG_WARN_DEPRECATED_OBJC_IMPLEMENTATIONS = YES;
				CLANG_WARN_DIRECT_OBJC_ISA_USAGE = YES_ERROR;
				CLANG_WARN_DOCUMENTATION_COMMENTS = YES;
				CLANG_WARN_EMPTY_BODY = YES;
				CLANG_WARN_ENUM_CONVERSION = YES;
				CLANG_WARN_INFINITE_RECURSION = YES;
				CLANG_WARN_INT_CONVERSION = YES;
				CLANG_WARN_NON_LITERAL_NULL_CONVERSION = YES;
				CLANG_WARN_OBJC_IMPLICIT_RETAIN_SELF = YES;
				CLANG_WARN_OBJC_LITERAL_CONVERSION = YES;
				CLANG_WARN_OBJC_ROOT_CLASS = YES_ERROR;
				CLANG_WARN_QUOTED_INCLUDE_IN_FRAMEWORK_HEADER = YES;
				CLANG_WARN_RANGE_LOOP_ANALYSIS = YES;
				CLANG_WARN_STRICT_PROTOTYPES = YES;
				CLANG_WARN_SUSPICIOUS_MOVE = YES;
				CLANG_WARN_UNGUARDED_AVAILABILITY = YES_AGGRESSIVE;
				CLANG_WARN_UNREACHABLE_CODE = YES;
				CLANG_WARN__DUPLICATE_METHOD_MATCH = YES;
				COPY_PHASE_STRIP = NO;
				DEBUG_INFORMATION_FORMAT = "dwarf-with-dsym";
				ENABLE_NS_ASSERTIONS = NO;
				ENABLE_STRICT_OBJC_MSGSEND = YES;
				GCC_C_LANGUAGE_STANDARD = gnu11;
				GCC_NO_COMMON_BLOCKS = YES;
				GCC_WARN_64_TO_32_BIT_CONVERSION = YES;
				GCC_WARN_ABOUT_RETURN_TYPE = YES_ERROR;
				GCC_WARN_UNDECLARED_SELECTOR = YES;
				GCC_WARN_UNINITIALIZED_AUTOS = YES_AGGRESSIVE;
				GCC_WARN_UNUSED_FUNCTION = YES;
				GCC_WARN_UNUSED_VARIABLE = YES;
				IPHONEOS_DEPLOYMENT_TARGET = 15.0;
				MTL_ENABLE_DEBUG_INFO = NO;
				MTL_FAST_MATH = YES;
				SDKROOT = iphoneos;
				SWIFT_COMPILATION_MODE = wholemodule;
				SWIFT_OPTIMIZATION_LEVEL = "-O";
				VALIDATE_PRODUCT = YES;
			};
			name = Release;
		};
		848B2CAE273999FE00627BB6 /* Debug */ = {
			isa = XCBuildConfiguration;
			buildSettings = {
				ASSETCATALOG_COMPILER_APPICON_NAME = AppIcon;
				ASSETCATALOG_COMPILER_GLOBAL_ACCENT_COLOR_NAME = AccentColor;
				CODE_SIGN_ENTITLEMENTS = CoreAnimations/CoreAnimations.entitlements;
				CODE_SIGN_STYLE = Automatic;
				CURRENT_PROJECT_VERSION = 1;
				DEVELOPMENT_TEAM = G7YAMEJH7M;
				GENERATE_INFOPLIST_FILE = YES;
				INFOPLIST_FILE = CoreAnimations/Info.plist;
				INFOPLIST_KEY_UIApplicationSupportsIndirectInputEvents = YES;
				INFOPLIST_KEY_UILaunchStoryboardName = LaunchScreen;
				INFOPLIST_KEY_UIMainStoryboardFile = Main;
				INFOPLIST_KEY_UISupportedInterfaceOrientations = "";
				INFOPLIST_KEY_UISupportedInterfaceOrientations_iPad = "UIInterfaceOrientationPortrait UIInterfaceOrientationPortraitUpsideDown UIInterfaceOrientationLandscapeLeft UIInterfaceOrientationLandscapeRight";
				INFOPLIST_KEY_UISupportedInterfaceOrientations_iPhone = UIInterfaceOrientationPortrait;
				LD_RUNPATH_SEARCH_PATHS = (
					"$(inherited)",
					"@executable_path/Frameworks",
				);
				MARKETING_VERSION = 1.0;
				PRODUCT_BUNDLE_IDENTIFIER = com.lfcj.CoreAnimations;
				PRODUCT_NAME = "$(TARGET_NAME)";
				SUPPORTS_MACCATALYST = YES;
				SUPPORTS_MAC_DESIGNED_FOR_IPHONE_IPAD = YES;
				SWIFT_EMIT_LOC_STRINGS = YES;
				SWIFT_VERSION = 5.0;
				TARGETED_DEVICE_FAMILY = "2,6";
			};
			name = Debug;
		};
		848B2CAF273999FE00627BB6 /* Release */ = {
			isa = XCBuildConfiguration;
			buildSettings = {
				ASSETCATALOG_COMPILER_APPICON_NAME = AppIcon;
				ASSETCATALOG_COMPILER_GLOBAL_ACCENT_COLOR_NAME = AccentColor;
				CODE_SIGN_ENTITLEMENTS = CoreAnimations/CoreAnimations.entitlements;
				CODE_SIGN_STYLE = Automatic;
				CURRENT_PROJECT_VERSION = 1;
				DEVELOPMENT_TEAM = G7YAMEJH7M;
				GENERATE_INFOPLIST_FILE = YES;
				INFOPLIST_FILE = CoreAnimations/Info.plist;
				INFOPLIST_KEY_UIApplicationSupportsIndirectInputEvents = YES;
				INFOPLIST_KEY_UILaunchStoryboardName = LaunchScreen;
				INFOPLIST_KEY_UIMainStoryboardFile = Main;
				INFOPLIST_KEY_UISupportedInterfaceOrientations = "";
				INFOPLIST_KEY_UISupportedInterfaceOrientations_iPad = "UIInterfaceOrientationPortrait UIInterfaceOrientationPortraitUpsideDown UIInterfaceOrientationLandscapeLeft UIInterfaceOrientationLandscapeRight";
				INFOPLIST_KEY_UISupportedInterfaceOrientations_iPhone = UIInterfaceOrientationPortrait;
				LD_RUNPATH_SEARCH_PATHS = (
					"$(inherited)",
					"@executable_path/Frameworks",
				);
				MARKETING_VERSION = 1.0;
				PRODUCT_BUNDLE_IDENTIFIER = com.lfcj.CoreAnimations;
				PRODUCT_NAME = "$(TARGET_NAME)";
				SUPPORTS_MACCATALYST = YES;
				SUPPORTS_MAC_DESIGNED_FOR_IPHONE_IPAD = YES;
				SWIFT_EMIT_LOC_STRINGS = YES;
				SWIFT_VERSION = 5.0;
				TARGETED_DEVICE_FAMILY = "2,6";
			};
			name = Release;
		};
		848B2CB1273999FE00627BB6 /* Debug */ = {
			isa = XCBuildConfiguration;
			buildSettings = {
				ALWAYS_EMBED_SWIFT_STANDARD_LIBRARIES = YES;
				BUNDLE_LOADER = "$(TEST_HOST)";
				CODE_SIGN_STYLE = Automatic;
				CURRENT_PROJECT_VERSION = 1;
				DEVELOPMENT_TEAM = G7YAMEJH7M;
				GENERATE_INFOPLIST_FILE = YES;
				IPHONEOS_DEPLOYMENT_TARGET = 15.0;
				LD_RUNPATH_SEARCH_PATHS = (
					"$(inherited)",
					"@executable_path/Frameworks",
					"@loader_path/Frameworks",
				);
				MARKETING_VERSION = 1.0;
				PRODUCT_BUNDLE_IDENTIFIER = com.lfcj.CoreAnimationsTests;
				PRODUCT_NAME = "$(TARGET_NAME)";
				SWIFT_EMIT_LOC_STRINGS = NO;
				SWIFT_VERSION = 5.0;
				TARGETED_DEVICE_FAMILY = "1,2";
				TEST_HOST = "$(BUILT_PRODUCTS_DIR)/Core Animations Lab.app/Core Animations Lab";
			};
			name = Debug;
		};
		848B2CB2273999FE00627BB6 /* Release */ = {
			isa = XCBuildConfiguration;
			buildSettings = {
				ALWAYS_EMBED_SWIFT_STANDARD_LIBRARIES = YES;
				BUNDLE_LOADER = "$(TEST_HOST)";
				CODE_SIGN_STYLE = Automatic;
				CURRENT_PROJECT_VERSION = 1;
				DEVELOPMENT_TEAM = G7YAMEJH7M;
				GENERATE_INFOPLIST_FILE = YES;
				IPHONEOS_DEPLOYMENT_TARGET = 15.0;
				LD_RUNPATH_SEARCH_PATHS = (
					"$(inherited)",
					"@executable_path/Frameworks",
					"@loader_path/Frameworks",
				);
				MARKETING_VERSION = 1.0;
				PRODUCT_BUNDLE_IDENTIFIER = com.lfcj.CoreAnimationsTests;
				PRODUCT_NAME = "$(TARGET_NAME)";
				SWIFT_EMIT_LOC_STRINGS = NO;
				SWIFT_VERSION = 5.0;
				TARGETED_DEVICE_FAMILY = "1,2";
				TEST_HOST = "$(BUILT_PRODUCTS_DIR)/Core Animations Lab.app/Core Animations Lab";
			};
			name = Release;
		};
		848B2CB4273999FE00627BB6 /* Debug */ = {
			isa = XCBuildConfiguration;
			buildSettings = {
				ALWAYS_EMBED_SWIFT_STANDARD_LIBRARIES = YES;
				CODE_SIGN_STYLE = Automatic;
				CURRENT_PROJECT_VERSION = 1;
				DEVELOPMENT_TEAM = G7YAMEJH7M;
				GENERATE_INFOPLIST_FILE = YES;
				LD_RUNPATH_SEARCH_PATHS = (
					"$(inherited)",
					"@executable_path/Frameworks",
					"@loader_path/Frameworks",
				);
				MARKETING_VERSION = 1.0;
				PRODUCT_BUNDLE_IDENTIFIER = com.lfcj.CoreAnimationsUITests;
				PRODUCT_NAME = "$(TARGET_NAME)";
				SWIFT_EMIT_LOC_STRINGS = NO;
				SWIFT_VERSION = 5.0;
				TARGETED_DEVICE_FAMILY = "1,2";
				TEST_TARGET_NAME = CoreAnimations;
			};
			name = Debug;
		};
		848B2CB5273999FE00627BB6 /* Release */ = {
			isa = XCBuildConfiguration;
			buildSettings = {
				ALWAYS_EMBED_SWIFT_STANDARD_LIBRARIES = YES;
				CODE_SIGN_STYLE = Automatic;
				CURRENT_PROJECT_VERSION = 1;
				DEVELOPMENT_TEAM = G7YAMEJH7M;
				GENERATE_INFOPLIST_FILE = YES;
				LD_RUNPATH_SEARCH_PATHS = (
					"$(inherited)",
					"@executable_path/Frameworks",
					"@loader_path/Frameworks",
				);
				MARKETING_VERSION = 1.0;
				PRODUCT_BUNDLE_IDENTIFIER = com.lfcj.CoreAnimationsUITests;
				PRODUCT_NAME = "$(TARGET_NAME)";
				SWIFT_EMIT_LOC_STRINGS = NO;
				SWIFT_VERSION = 5.0;
				TARGETED_DEVICE_FAMILY = "1,2";
				TEST_TARGET_NAME = CoreAnimations;
			};
			name = Release;
		};
/* End XCBuildConfiguration section */

/* Begin XCConfigurationList section */
		848B2C7E273999FA00627BB6 /* Build configuration list for PBXProject "Core Animations Lab" */ = {
			isa = XCConfigurationList;
			buildConfigurations = (
				848B2CAB273999FE00627BB6 /* Debug */,
				848B2CAC273999FE00627BB6 /* Release */,
			);
			defaultConfigurationIsVisible = 0;
			defaultConfigurationName = Release;
		};
		848B2CAD273999FE00627BB6 /* Build configuration list for PBXNativeTarget "Core Animations Lab" */ = {
			isa = XCConfigurationList;
			buildConfigurations = (
				848B2CAE273999FE00627BB6 /* Debug */,
				848B2CAF273999FE00627BB6 /* Release */,
			);
			defaultConfigurationIsVisible = 0;
			defaultConfigurationName = Release;
		};
		848B2CB0273999FE00627BB6 /* Build configuration list for PBXNativeTarget "Core Animations LabTests" */ = {
			isa = XCConfigurationList;
			buildConfigurations = (
				848B2CB1273999FE00627BB6 /* Debug */,
				848B2CB2273999FE00627BB6 /* Release */,
			);
			defaultConfigurationIsVisible = 0;
			defaultConfigurationName = Release;
		};
		848B2CB3273999FE00627BB6 /* Build configuration list for PBXNativeTarget "Core Animations LabUITests" */ = {
			isa = XCConfigurationList;
			buildConfigurations = (
				848B2CB4273999FE00627BB6 /* Debug */,
				848B2CB5273999FE00627BB6 /* Release */,
			);
			defaultConfigurationIsVisible = 0;
			defaultConfigurationName = Release;
		};
/* End XCConfigurationList section */
	};
	rootObject = 848B2C7B273999FA00627BB6 /* Project object */;
}
